{
  "name": "draw-with-fiends",
  "version": "0.0.1",
  "lockfileVersion": 1,
  "requires": true,
  "dependencies": {
    "jiber-db-redis": {
      "version": "file:../../../packages/jiber-db-redis",
      "requires": {
        "jiber-core": "0.0.1",
        "redis": "2.8.0"
      },
      "dependencies": {
        "double-ended-queue": {
          "version": "2.1.0-0",
          "bundled": true
        },
        "jiber-core": {
          "version": "0.0.1",
          "bundled": true
        },
        "redis": {
          "version": "2.8.0",
          "bundled": true,
          "requires": {
            "double-ended-queue": "2.1.0-0",
            "redis-commands": "1.3.1",
            "redis-parser": "2.6.0"
          }
        },
        "redis-commands": {
          "version": "1.3.1",
          "bundled": true
        },
        "redis-parser": {
          "version": "2.6.0",
          "bundled": true
        }
      }
    },
    "jiber-server": {
      "version": "file:../../../packages/jiber-server",
      "requires": {
        "jiber-core": "0.0.1",
        "ws": "3.2.0"
      },
      "dependencies": {
        "async-limiter": {
          "version": "1.0.0",
          "bundled": true
        },
        "jiber-core": {
          "version": "0.0.1",
          "bundled": true
        },
        "safe-buffer": {
          "version": "5.1.1",
          "bundled": true
        },
        "ultron": {
          "version": "1.1.0",
          "bundled": true
        },
        "ws": {
          "version": "3.2.0",
          "bundled": true,
          "requires": {
            "async-limiter": "1.0.0",
            "safe-buffer": "5.1.1",
            "ultron": "1.1.0"
          }
        }
      }
    }
  }
}
