{
  "name": "rejibe-monolith",
  "version": "0.0.1",
  "lockfileVersion": 1,
  "requires": true,
  "dependencies": {
    "@types/node": {
      "version": "8.0.27",
      "resolved": "https://registry.npmjs.org/@types/node/-/node-8.0.27.tgz",
      "integrity": "sha512-MiOd5TB6ftlOw6gLY3XdF0s/9YoTo172A6qGzi5I1SJy2dRZqg/LAHGTJMm1XFWx7kuYkbVW0sp/z3OP7VnkjQ==",
      "dev": true
    },
    "@types/ws": {
      "version": "3.0.2",
      "resolved": "https://registry.npmjs.org/@types/ws/-/ws-3.0.2.tgz",
      "integrity": "sha512-jWO+P8pn6lBdKoi+8cxBdLbRwwiiBdp8Jqgr/9e6A33fRNunM/C3ACGU/9Ksr3rHV6C2KzhncNGwgCFwGTgX/g==",
      "dev": true,
      "requires": {
        "@types/node": "8.0.27"
      }
    }
  }
}
