{
  "name": "click-counter-server",
  "version": "0.0.1",
  "lockfileVersion": 1,
  "requires": true,
  "dependencies": {
    "jiber-server": {
      "version": "file:../../../packages/jiber-server",
      "requires": {
        "jiber-core": "0.0.1",
        "ws": "3.2.0"
      },
      "dependencies": {
        "async-limiter": {
          "version": "1.0.0",
          "bundled": true
        },
        "jiber-core": {
          "version": "0.0.1",
          "bundled": true
        },
        "safe-buffer": {
          "version": "5.1.1",
          "bundled": true
        },
        "ultron": {
          "version": "1.1.0",
          "bundled": true
        },
        "ws": {
          "version": "3.2.0",
          "bundled": true,
          "requires": {
            "async-limiter": "1.0.0",
            "safe-buffer": "5.1.1",
            "ultron": "1.1.0"
          }
        }
      }
    }
  }
}
