{
  "name": "jiber-reducer-swiss",
  "version": "0.1.3",
  "lockfileVersion": 1,
  "requires": true,
  "dependencies": {
    "@types/node": {
      "version": "8.0.53",
      "resolved": "https://registry.npmjs.org/@types/node/-/node-8.0.53.tgz",
      "integrity": "sha512-54Dm6NwYeiSQmRB1BLXKr5GELi0wFapR1npi8bnZhEcu84d/yQKqnwwXQ56hZ0RUbTG6L5nqDZaN3dgByQXQRQ==",
      "dev": true
    },
    "@types/redis": {
      "version": "2.8.1",
      "resolved": "https://registry.npmjs.org/@types/redis/-/redis-2.8.1.tgz",
      "integrity": "sha512-MaGX8P0LwvZsh7n7HF3cVTGs0dP0kOUgbJM05d+h4laSsUm5M0KpIvBwevPto3qTyUre5K2mxJuGYMhINxLTzQ==",
      "dev": true,
      "requires": {
        "@types/node": "8.0.53"
      }
    },
    "jiber-core": {
      "version": "0.1.3",
      "resolved": "https://registry.npmjs.org/jiber-core/-/jiber-core-0.1.3.tgz",
      "integrity": "sha512-DaBlxCGSk2ZbVm4o70jBjFtDKvVJZn472sz5dhhE7Ic5xuGdhFJMWdKVWzLHfmOyHeufCp0L7ZHoDpeuDF8d1g=="
    },
    "typescript": {
      "version": "2.6.1",
      "resolved": "https://registry.npmjs.org/typescript/-/typescript-2.6.1.tgz",
      "integrity": "sha1-7znN6ierrAtQAkLWcmq5DgyEZjE=",
      "dev": true
    }
  }
}
