{
  "name": "jiber-demo-server",
  "version": "0.0.1",
  "lockfileVersion": 1,
  "requires": true,
  "dependencies": {
    "jiber-server": {
      "version": "file:../..",
      "requires": {
        "jiber-core": "0.1.10",
        "ws": "3.3.1"
      },
      "dependencies": {
        "@types/node": {
          "version": "8.0.53",
          "bundled": true
        },
        "@types/ws": {
          "version": "3.2.0",
          "bundled": true,
          "requires": {
            "@types/node": "8.0.53"
          }
        },
        "async-limiter": {
          "version": "1.0.0",
          "bundled": true
        },
        "jiber-core": {
          "version": "0.1.10",
          "bundled": true
        },
        "safe-buffer": {
          "version": "5.1.1",
          "bundled": true
        },
        "ultron": {
          "version": "1.1.0",
          "bundled": true
        },
        "ws": {
          "version": "3.3.1",
          "bundled": true,
          "requires": {
            "async-limiter": "1.0.0",
            "safe-buffer": "5.1.1",
            "ultron": "1.1.0"
          }
        }
      }
    }
  }
}
